Microsoft Visual Studio Solution File, Format Version 8.00
Project("{8BC9CEB8-8B4A-11D0-8D11-00A0C91BC942}") = "PoDoFoLib", "PoDoFoLib.vcproj", "{C110CB09-10F9-460E-8055-F53AF55911AB}"
	ProjectSection(ProjectDependencies) = postProject
		{6C9D2F98-D323-487C-8B82-592BA6F95BE5} = {6C9D2F98-D323-487C-8B82-592BA6F95BE5}
	EndProjectSection
EndProject
Project("{8BC9CEB8-8B4A-11D0-8D11-00A0C91BC942}") = "podofouncompress", "tools\podofouncompress\podofouncompress.vcproj", "{FEE127DF-D447-481C-8D27-7B7E188ABA71}"
	ProjectSection(ProjectDependencies) = postProject
		{C110CB09-10F9-460E-8055-F53AF55911AB} = {C110CB09-10F9-460E-8055-F53AF55911AB}
		{6C9D2F98-D323-487C-8B82-592BA6F95BE5} = {6C9D2F98-D323-487C-8B82-592BA6F95BE5}
	EndProjectSection
EndProject
Project("{8BC9CEB8-8B4A-11D0-8D11-00A0C91BC942}") = "podofoimgextract", "tools\podofoimgextract\podofoimgextract.vcproj", "{BA4F7BBC-F203-4EC5-AD49-61F8D688ED48}"
	ProjectSection(ProjectDependencies) = postProject
		{C110CB09-10F9-460E-8055-F53AF55911AB} = {C110CB09-10F9-460E-8055-F53AF55911AB}
		{6C9D2F98-D323-487C-8B82-592BA6F95BE5} = {6C9D2F98-D323-487C-8B82-592BA6F95BE5}
	EndProjectSection
EndProject
Project("{8BC9CEB8-8B4A-11D0-8D11-00A0C91BC942}") = "podofotxt2pdf", "tools\podofotxt2pdf\podofotxt2pdf.vcproj", "{7DFBD6DE-B262-4047-84E4-B630C40D688C}"
	ProjectSection(ProjectDependencies) = postProject
		{C110CB09-10F9-460E-8055-F53AF55911AB} = {C110CB09-10F9-460E-8055-F53AF55911AB}
		{6C9D2F98-D323-487C-8B82-592BA6F95BE5} = {6C9D2F98-D323-487C-8B82-592BA6F95BE5}
		{B14127D8-AC76-4492-8C31-0AA62FC4ACF7} = {B14127D8-AC76-4492-8C31-0AA62FC4ACF7}
	EndProjectSection
EndProject
Project("{8BC9CEB8-8B4A-11D0-8D11-00A0C91BC942}") = "Jpeg", "jpeg\Jpeg.vcproj", "{B14127D8-AC76-4492-8C31-0AA62FC4ACF7}"
	ProjectSection(ProjectDependencies) = postProject
	EndProjectSection
EndProject
Project("{8BC9CEB8-8B4A-11D0-8D11-00A0C91BC942}") = "zlib", "Zlib\zlib.vcproj", "{6C9D2F98-D323-487C-8B82-592BA6F95BE5}"
	ProjectSection(ProjectDependencies) = postProject
	EndProjectSection
EndProject
Project("{8BC9CEB8-8B4A-11D0-8D11-00A0C91BC942}") = "podofopdfinfo", "tools\podofopdfinfo\podofopdfinfo.vcproj", "{3E81FBF6-B676-458E-9A69-7A85F62A01AB}"
	ProjectSection(ProjectDependencies) = postProject
		{C110CB09-10F9-460E-8055-F53AF55911AB} = {C110CB09-10F9-460E-8055-F53AF55911AB}
		{6C9D2F98-D323-487C-8B82-592BA6F95BE5} = {6C9D2F98-D323-487C-8B82-592BA6F95BE5}
	EndProjectSection
EndProject
Global
	GlobalSection(SolutionConfiguration) = preSolution
		Debug = Debug
		PDFEnhancer Debug = PDFEnhancer Debug
		Release = Release
	EndGlobalSection
	GlobalSection(ProjectConfiguration) = postSolution
		{C110CB09-10F9-460E-8055-F53AF55911AB}.Debug.ActiveCfg = Debug|Win32
		{C110CB09-10F9-460E-8055-F53AF55911AB}.Debug.Build.0 = Debug|Win32
		{C110CB09-10F9-460E-8055-F53AF55911AB}.PDFEnhancer Debug.ActiveCfg = Debug|Win32
		{C110CB09-10F9-460E-8055-F53AF55911AB}.PDFEnhancer Debug.Build.0 = Debug|Win32
		{C110CB09-10F9-460E-8055-F53AF55911AB}.Release.ActiveCfg = Release|Win32
		{C110CB09-10F9-460E-8055-F53AF55911AB}.Release.Build.0 = Release|Win32
		{FEE127DF-D447-481C-8D27-7B7E188ABA71}.Debug.ActiveCfg = Debug|Win32
		{FEE127DF-D447-481C-8D27-7B7E188ABA71}.Debug.Build.0 = Debug|Win32
		{FEE127DF-D447-481C-8D27-7B7E188ABA71}.PDFEnhancer Debug.ActiveCfg = Debug|Win32
		{FEE127DF-D447-481C-8D27-7B7E188ABA71}.PDFEnhancer Debug.Build.0 = Debug|Win32
		{FEE127DF-D447-481C-8D27-7B7E188ABA71}.Release.ActiveCfg = Release|Win32
		{FEE127DF-D447-481C-8D27-7B7E188ABA71}.Release.Build.0 = Release|Win32
		{BA4F7BBC-F203-4EC5-AD49-61F8D688ED48}.Debug.ActiveCfg = Debug|Win32
		{BA4F7BBC-F203-4EC5-AD49-61F8D688ED48}.Debug.Build.0 = Debug|Win32
		{BA4F7BBC-F203-4EC5-AD49-61F8D688ED48}.PDFEnhancer Debug.ActiveCfg = Debug|Win32
		{BA4F7BBC-F203-4EC5-AD49-61F8D688ED48}.PDFEnhancer Debug.Build.0 = Debug|Win32
		{BA4F7BBC-F203-4EC5-AD49-61F8D688ED48}.Release.ActiveCfg = Release|Win32
		{BA4F7BBC-F203-4EC5-AD49-61F8D688ED48}.Release.Build.0 = Release|Win32
		{7DFBD6DE-B262-4047-84E4-B630C40D688C}.Debug.ActiveCfg = Debug|Win32
		{7DFBD6DE-B262-4047-84E4-B630C40D688C}.Debug.Build.0 = Debug|Win32
		{7DFBD6DE-B262-4047-84E4-B630C40D688C}.PDFEnhancer Debug.ActiveCfg = Debug|Win32
		{7DFBD6DE-B262-4047-84E4-B630C40D688C}.PDFEnhancer Debug.Build.0 = Debug|Win32
		{7DFBD6DE-B262-4047-84E4-B630C40D688C}.Release.ActiveCfg = Release|Win32
		{7DFBD6DE-B262-4047-84E4-B630C40D688C}.Release.Build.0 = Release|Win32
		{B14127D8-AC76-4492-8C31-0AA62FC4ACF7}.Debug.ActiveCfg = Debug|Win32
		{B14127D8-AC76-4492-8C31-0AA62FC4ACF7}.Debug.Build.0 = Debug|Win32
		{B14127D8-AC76-4492-8C31-0AA62FC4ACF7}.PDFEnhancer Debug.ActiveCfg = PDFEnhancer Debug|Win32
		{B14127D8-AC76-4492-8C31-0AA62FC4ACF7}.PDFEnhancer Debug.Build.0 = PDFEnhancer Debug|Win32
		{B14127D8-AC76-4492-8C31-0AA62FC4ACF7}.Release.ActiveCfg = Release|Win32
		{B14127D8-AC76-4492-8C31-0AA62FC4ACF7}.Release.Build.0 = Release|Win32
		{6C9D2F98-D323-487C-8B82-592BA6F95BE5}.Debug.ActiveCfg = Debug|Win32
		{6C9D2F98-D323-487C-8B82-592BA6F95BE5}.Debug.Build.0 = Debug|Win32
		{6C9D2F98-D323-487C-8B82-592BA6F95BE5}.PDFEnhancer Debug.ActiveCfg = Debug|Win32
		{6C9D2F98-D323-487C-8B82-592BA6F95BE5}.PDFEnhancer Debug.Build.0 = Debug|Win32
		{6C9D2F98-D323-487C-8B82-592BA6F95BE5}.Release.ActiveCfg = Release|Win32
		{6C9D2F98-D323-487C-8B82-592BA6F95BE5}.Release.Build.0 = Release|Win32
		{3E81FBF6-B676-458E-9A69-7A85F62A01AB}.Debug.ActiveCfg = Debug|Win32
		{3E81FBF6-B676-458E-9A69-7A85F62A01AB}.Debug.Build.0 = Debug|Win32
		{3E81FBF6-B676-458E-9A69-7A85F62A01AB}.PDFEnhancer Debug.ActiveCfg = Debug|Win32
		{3E81FBF6-B676-458E-9A69-7A85F62A01AB}.PDFEnhancer Debug.Build.0 = Debug|Win32
		{3E81FBF6-B676-458E-9A69-7A85F62A01AB}.Release.ActiveCfg = Release|Win32
		{3E81FBF6-B676-458E-9A69-7A85F62A01AB}.Release.Build.0 = Release|Win32
	EndGlobalSection
	GlobalSection(ExtensibilityGlobals) = postSolution
	EndGlobalSection
	GlobalSection(ExtensibilityAddIns) = postSolution
	EndGlobalSection
EndGlobal
